<?xml version="1.0" encoding="utf-8"?>
<Project ToolsVersion="4.0" xmlns="http://schemas.microsoft.com/developer/msbuild/2003">
  <ItemGroup>
    <Filter Include="Source Files">
      <UniqueIdentifier>{4FC737F1-C7A5-4376-A066-2A32D752A2FF}</UniqueIdentifier>
      <Extensions>cpp;c;cc;cxx;def;odl;idl;hpj;bat;asm;asmx</Extensions>
    </Filter>
    <Filter Include="Header Files">
      <UniqueIdentifier>{93995380-89BD-4b04-88EB-625FBE52EBFB}</UniqueIdentifier>
      <Extensions>h;hh;hpp;hxx;hm;inl;inc;xsd</Extensions>
    </Filter>
    <Filter Include="Resource Files">
      <UniqueIdentifier>{67DA6AB6-F800-4c08-8B7A-83BB121AAD01}</UniqueIdentifier>
      <Extensions>rc;ico;cur;bmp;dlg;rc2;rct;bin;rgs;gif;jpg;jpeg;jpe;resx;tiff;tif;png;wav;mfcribbon-ms</Extensions>
    </Filter>
    <Filter Include="Source Files\GameObjects">
      <UniqueIdentifier>{00fa27d2-112e-494e-8188-65be4d1b0b6c}</UniqueIdentifier>
    </Filter>
    <Filter Include="Source Files\Managers">
      <UniqueIdentifier>{33c7f384-8eaa-426a-93a3-f923b88d872c}</UniqueIdentifier>
    </Filter>
  </ItemGroup>
  <ItemGroup>
    <ClCompile Include="source\WinMain.cpp">
      <Filter>Source Files</Filter>
    </ClCompile>
    <ClCompile Include="source\Ball.cpp">
      <Filter>Source Files\GameObjects</Filter>
    </ClCompile>
    <ClCompile Include="source\Paddle.cpp">
      <Filter>Source Files\GameObjects</Filter>
    </ClCompile>
    <ClCompile Include="source\Brick.cpp">
      <Filter>Source Files\GameObjects</Filter>
    </ClCompile>
    <ClCompile Include="source\GameObject.cpp">
      <Filter>Source Files\GameObjects</Filter>
    </ClCompile>
    <ClCompile Include="source\AudioManager.cpp">
      <Filter>Source Files\Managers</Filter>
    </ClCompile>
    <ClCompile Include="source\GameManager.cpp">
      <Filter>Source Files\Managers</Filter>
    </ClCompile>
    <ClCompile Include="source\StateManager.cpp">
      <Filter>Source Files\Managers</Filter>
    </ClCompile>
    <ClCompile Include="source\WindowManager.cpp">
      <Filter>Source Files\Managers</Filter>
    </ClCompile>
    <ClCompile Include="source\TimeManager.cpp">
      <Filter>Source Files\Managers</Filter>
    </ClCompile>
    <ClCompile Include="source\InputManager.cpp">
      <Filter>Source Files\Managers</Filter>
    </ClCompile>
    <ClCompile Include="source\TextManager.cpp">
      <Filter>Source Files\Managers</Filter>
    </ClCompile>
  </ItemGroup>
  <ItemGroup>
    <ClInclude Include="source\Ball.h">
      <Filter>Source Files\GameObjects</Filter>
    </ClInclude>
    <ClInclude Include="source\Brick.h">
      <Filter>Source Files\GameObjects</Filter>
    </ClInclude>
    <ClInclude Include="source\Paddle.h">
      <Filter>Source Files\GameObjects</Filter>
    </ClInclude>
    <ClInclude Include="source\Plane.h">
      <Filter>Source Files\GameObjects</Filter>
    </ClInclude>
    <ClInclude Include="source\GameObject.h">
      <Filter>Source Files\GameObjects</Filter>
    </ClInclude>
    <ClInclude Include="source\AudioManager.h">
      <Filter>Source Files\Managers</Filter>
    </ClInclude>
    <ClInclude Include="source\GameManager.h">
      <Filter>Source Files\Managers</Filter>
    </ClInclude>
    <ClInclude Include="source\StateManager.h">
      <Filter>Source Files\Managers</Filter>
    </ClInclude>
    <ClInclude Include="source\TimeManager.h">
      <Filter>Source Files\Managers</Filter>
    </ClInclude>
    <ClInclude Include="source\WindowManager.h">
      <Filter>Source Files\Managers</Filter>
    </ClInclude>
    <ClInclude Include="source\InputManager.h">
      <Filter>Source Files\Managers</Filter>
    </ClInclude>
    <ClInclude Include="source\TextManager.h">
      <Filter>Source Files\Managers</Filter>
    </ClInclude>
  </ItemGroup>
</Project>